
Microsoft Visual Studio Solution File, Format Version 12.00
# Visual Studio Version 17
VisualStudioVersion = 17.2.32314.265
MinimumVisualStudioVersion = 10.0.40219.1
Project("{9A19103F-16F7-4668-BE54-9A1E7A4F7556}") = "TestCompiler", "TestCompiler\TestCompiler.csproj", "{1EE224F0-671D-4440-B2C3-06E992EAD3A3}"
EndProject
Project("{FAE04EC0-301F-11D3-BF4B-00C04F79EFBC}") = "TestCompilerTheRealOne", "TestCompilerTheRealOne\TestCompilerTheRealOne.csproj", "{56EF3D34-7A38-4F26-81EA-51579C8A461A}"
EndProject
Global
	GlobalSection(SolutionConfigurationPlatforms) = preSolution
		Debug|Any CPU = Debug|Any CPU
		Release|Any CPU = Release|Any CPU
	EndGlobalSection
	GlobalSection(ProjectConfigurationPlatforms) = postSolution
		{1EE224F0-671D-4440-B2C3-06E992EAD3A3}.Debug|Any CPU.ActiveCfg = Debug|Any CPU
		{1EE224F0-671D-4440-B2C3-06E992EAD3A3}.Debug|Any CPU.Build.0 = Debug|Any CPU
		{1EE224F0-671D-4440-B2C3-06E992EAD3A3}.Release|Any CPU.ActiveCfg = Release|Any CPU
		{1EE224F0-671D-4440-B2C3-06E992EAD3A3}.Release|Any CPU.Build.0 = Release|Any CPU
		{56EF3D34-7A38-4F26-81EA-51579C8A461A}.Debug|Any CPU.ActiveCfg = Debug|Any CPU
		{56EF3D34-7A38-4F26-81EA-51579C8A461A}.Debug|Any CPU.Build.0 = Debug|Any CPU
		{56EF3D34-7A38-4F26-81EA-51579C8A461A}.Release|Any CPU.ActiveCfg = Release|Any CPU
		{56EF3D34-7A38-4F26-81EA-51579C8A461A}.Release|Any CPU.Build.0 = Release|Any CPU
	EndGlobalSection
	GlobalSection(SolutionProperties) = preSolution
		HideSolutionNode = FALSE
	EndGlobalSection
	GlobalSection(ExtensibilityGlobals) = postSolution
		SolutionGuid = {373E52EA-5359-448E-A08D-B47CCF00CAF6}
	EndGlobalSection
EndGlobal
