
Microsoft Visual Studio Solution File, Format Version 12.00
# Visual Studio Version 17
VisualStudioVersion = 17.2.32317.152
MinimumVisualStudioVersion = 10.0.40219.1
Project("{FAE04EC0-301F-11D3-BF4B-00C04F79EFBC}") = "Autograd", "Autograd.csproj", "{900493B2-67F6-4270-BC3C-32DF3D604872}"
EndProject
Global
	GlobalSection(SolutionConfigurationPlatforms) = preSolution
		Debug|Any CPU = Debug|Any CPU
		Release|Any CPU = Release|Any CPU
	EndGlobalSection
	GlobalSection(ProjectConfigurationPlatforms) = postSolution
		{900493B2-67F6-4270-BC3C-32DF3D604872}.Debug|Any CPU.ActiveCfg = Debug|Any CPU
		{900493B2-67F6-4270-BC3C-32DF3D604872}.Debug|Any CPU.Build.0 = Debug|Any CPU
		{900493B2-67F6-4270-BC3C-32DF3D604872}.Release|Any CPU.ActiveCfg = Release|Any CPU
		{900493B2-67F6-4270-BC3C-32DF3D604872}.Release|Any CPU.Build.0 = Release|Any CPU
	EndGlobalSection
	GlobalSection(SolutionProperties) = preSolution
		HideSolutionNode = FALSE
	EndGlobalSection
	GlobalSection(ExtensibilityGlobals) = postSolution
		SolutionGuid = {1B425427-6488-428F-AE9D-C3B0A974B744}
	EndGlobalSection
EndGlobal
