
Microsoft Visual Studio Solution File, Format Version 12.00
# Visual Studio Version 17
VisualStudioVersion = 17.2.32210.308
MinimumVisualStudioVersion = 10.0.40219.1
Project("{FAE04EC0-301F-11D3-BF4B-00C04F79EFBC}") = "Lexer", "Lexer.csproj", "{F4688C90-6454-4199-AB63-BD588789195A}"
EndProject
Global
	GlobalSection(SolutionConfigurationPlatforms) = preSolution
		Debug|Any CPU = Debug|Any CPU
		Release|Any CPU = Release|Any CPU
	EndGlobalSection
	GlobalSection(ProjectConfigurationPlatforms) = postSolution
		{F4688C90-6454-4199-AB63-BD588789195A}.Debug|Any CPU.ActiveCfg = Debug|Any CPU
		{F4688C90-6454-4199-AB63-BD588789195A}.Debug|Any CPU.Build.0 = Debug|Any CPU
		{F4688C90-6454-4199-AB63-BD588789195A}.Release|Any CPU.ActiveCfg = Release|Any CPU
		{F4688C90-6454-4199-AB63-BD588789195A}.Release|Any CPU.Build.0 = Release|Any CPU
	EndGlobalSection
	GlobalSection(SolutionProperties) = preSolution
		HideSolutionNode = FALSE
	EndGlobalSection
	GlobalSection(ExtensibilityGlobals) = postSolution
		SolutionGuid = {C56FAFA6-D6F2-4E88-97C7-4CCDEBB8F1D0}
	EndGlobalSection
EndGlobal
